
Microsoft Visual Studio Solution File, Format Version 12.00
# Visual Studio 15
VisualStudioVersion = 15.0.26730.16
MinimumVisualStudioVersion = 10.0.40219.1
Project("{FAE04EC0-301F-11D3-BF4B-00C04F79EFBC}") = "Iconic", "Iconic\Iconic.csproj", "{9894967F-1D73-4FDD-B2BA-22E4A0ECAE38}"
EndProject
Project("{FAE04EC0-301F-11D3-BF4B-00C04F79EFBC}") = "Umbraco79", "Umbraco79\Umbraco79.csproj", "{81C539A8-029F-40A0-BB8A-CE25D8EB519A}"
EndProject
Project("{FAE04EC0-301F-11D3-BF4B-00C04F79EFBC}") = "Umbraco713", "Umbraco713\Umbraco713.csproj", "{6DD98F7F-3AC8-4F14-949A-F4D6B5967FA4}"
EndProject
Project("{FAE04EC0-301F-11D3-BF4B-00C04F79EFBC}") = "Umb8Testing", "Umb8Testing\Umb8Testing.csproj", "{255F8D6D-0332-41B8-83EB-46AFE6DC09E5}"
EndProject
Global
	GlobalSection(SolutionConfigurationPlatforms) = preSolution
		Debug|Any CPU = Debug|Any CPU
		Release|Any CPU = Release|Any CPU
	EndGlobalSection
	GlobalSection(ProjectConfigurationPlatforms) = postSolution
		{9894967F-1D73-4FDD-B2BA-22E4A0ECAE38}.Debug|Any CPU.ActiveCfg = Debug|Any CPU
		{9894967F-1D73-4FDD-B2BA-22E4A0ECAE38}.Debug|Any CPU.Build.0 = Debug|Any CPU
		{9894967F-1D73-4FDD-B2BA-22E4A0ECAE38}.Release|Any CPU.ActiveCfg = Release|Any CPU
		{9894967F-1D73-4FDD-B2BA-22E4A0ECAE38}.Release|Any CPU.Build.0 = Release|Any CPU
		{81C539A8-029F-40A0-BB8A-CE25D8EB519A}.Debug|Any CPU.ActiveCfg = Debug|Any CPU
		{81C539A8-029F-40A0-BB8A-CE25D8EB519A}.Debug|Any CPU.Build.0 = Debug|Any CPU
		{81C539A8-029F-40A0-BB8A-CE25D8EB519A}.Release|Any CPU.ActiveCfg = Release|Any CPU
		{81C539A8-029F-40A0-BB8A-CE25D8EB519A}.Release|Any CPU.Build.0 = Release|Any CPU
		{6DD98F7F-3AC8-4F14-949A-F4D6B5967FA4}.Debug|Any CPU.ActiveCfg = Debug|Any CPU
		{6DD98F7F-3AC8-4F14-949A-F4D6B5967FA4}.Debug|Any CPU.Build.0 = Debug|Any CPU
		{6DD98F7F-3AC8-4F14-949A-F4D6B5967FA4}.Release|Any CPU.ActiveCfg = Release|Any CPU
		{6DD98F7F-3AC8-4F14-949A-F4D6B5967FA4}.Release|Any CPU.Build.0 = Release|Any CPU
		{255F8D6D-0332-41B8-83EB-46AFE6DC09E5}.Debug|Any CPU.ActiveCfg = Debug|Any CPU
		{255F8D6D-0332-41B8-83EB-46AFE6DC09E5}.Debug|Any CPU.Build.0 = Debug|Any CPU
		{255F8D6D-0332-41B8-83EB-46AFE6DC09E5}.Release|Any CPU.ActiveCfg = Release|Any CPU
		{255F8D6D-0332-41B8-83EB-46AFE6DC09E5}.Release|Any CPU.Build.0 = Release|Any CPU
	EndGlobalSection
	GlobalSection(SolutionProperties) = preSolution
		HideSolutionNode = FALSE
	EndGlobalSection
	GlobalSection(ExtensibilityGlobals) = postSolution
		SolutionGuid = {BDE0E8F4-1E7E-454D-A156-81E7E30256E7}
	EndGlobalSection
EndGlobal
