
Microsoft Visual Studio Solution File, Format Version 12.00
# Visual Studio Version 16
VisualStudioVersion = 16.0.29020.237
MinimumVisualStudioVersion = 10.0.40219.1
Project("{FAE04EC0-301F-11D3-BF4B-00C04F79EFBC}") = "Iconic", "Iconic\Iconic.csproj", "{9894967F-1D73-4FDD-B2BA-22E4A0ECAE38}"
EndProject
Project("{FAE04EC0-301F-11D3-BF4B-00C04F79EFBC}") = "Iconic.Core", "Iconic.Core\Iconic.Core.csproj", "{3447FB09-7584-40FD-8F30-F305897BC84A}"
EndProject
Global
	GlobalSection(SolutionConfigurationPlatforms) = preSolution
		Debug|Any CPU = Debug|Any CPU
		Release|Any CPU = Release|Any CPU
	EndGlobalSection
	GlobalSection(ProjectConfigurationPlatforms) = postSolution
		{9894967F-1D73-4FDD-B2BA-22E4A0ECAE38}.Debug|Any CPU.ActiveCfg = Debug|Any CPU
		{9894967F-1D73-4FDD-B2BA-22E4A0ECAE38}.Debug|Any CPU.Build.0 = Debug|Any CPU
		{9894967F-1D73-4FDD-B2BA-22E4A0ECAE38}.Release|Any CPU.ActiveCfg = Release|Any CPU
		{9894967F-1D73-4FDD-B2BA-22E4A0ECAE38}.Release|Any CPU.Build.0 = Release|Any CPU
		{3447FB09-7584-40FD-8F30-F305897BC84A}.Debug|Any CPU.ActiveCfg = Debug|Any CPU
		{3447FB09-7584-40FD-8F30-F305897BC84A}.Debug|Any CPU.Build.0 = Debug|Any CPU
		{3447FB09-7584-40FD-8F30-F305897BC84A}.Release|Any CPU.ActiveCfg = Release|Any CPU
		{3447FB09-7584-40FD-8F30-F305897BC84A}.Release|Any CPU.Build.0 = Release|Any CPU
	EndGlobalSection
	GlobalSection(SolutionProperties) = preSolution
		HideSolutionNode = FALSE
	EndGlobalSection
	GlobalSection(ExtensibilityGlobals) = postSolution
		SolutionGuid = {BDE0E8F4-1E7E-454D-A156-81E7E30256E7}
	EndGlobalSection
EndGlobal
